
Microsoft Visual Studio Solution File, Format Version 12.00
# Visual Studio 2012
Project("{D954291E-2A0B-460D-934E-DC6B0785DB48}") = "AutobusesUAQ", "AutobusesUAQ\AutobusesUAQ.shproj", "{097DE2BD-F89B-48D4-B07C-5C4A14FC9CF0}"
EndProject
Project("{FAE04EC0-301F-11D3-BF4B-00C04F79EFBC}") = "AutobusesUAQ.iOS", "iOS\AutobusesUAQ.iOS.csproj", "{8CDE990F-3E9F-4E9F-B684-FD1F9B7A6C40}"
EndProject
Project("{FAE04EC0-301F-11D3-BF4B-00C04F79EFBC}") = "AutobusesUAQ.Droid", "Droid\AutobusesUAQ.Droid.csproj", "{D032D764-9DDC-4022-A34F-7F9C19BBD056}"
EndProject
Project("{FAE04EC0-301F-11D3-BF4B-00C04F79EFBC}") = "AutobusesUAQ.MobileAppService", "MobileAppService\AutobusesUAQ.MobileAppService.csproj", "{B607BA1D-A02A-45B6-9542-85C0D954EC4E}"
EndProject
Global
	GlobalSection(SolutionConfigurationPlatforms) = preSolution
		Debug|iPhoneSimulator = Debug|iPhoneSimulator
		Release|iPhone = Release|iPhone
		Release|iPhoneSimulator = Release|iPhoneSimulator
		Debug|iPhone = Debug|iPhone
		Debug|Any CPU = Debug|Any CPU
		Release|Any CPU = Release|Any CPU
	EndGlobalSection
	GlobalSection(ProjectConfigurationPlatforms) = postSolution
		{8CDE990F-3E9F-4E9F-B684-FD1F9B7A6C40}.Debug|iPhoneSimulator.ActiveCfg = Debug|iPhoneSimulator
		{8CDE990F-3E9F-4E9F-B684-FD1F9B7A6C40}.Debug|iPhoneSimulator.Build.0 = Debug|iPhoneSimulator
		{8CDE990F-3E9F-4E9F-B684-FD1F9B7A6C40}.Release|iPhone.ActiveCfg = Release|iPhone
		{8CDE990F-3E9F-4E9F-B684-FD1F9B7A6C40}.Release|iPhone.Build.0 = Release|iPhone
		{8CDE990F-3E9F-4E9F-B684-FD1F9B7A6C40}.Release|iPhoneSimulator.ActiveCfg = Release|iPhoneSimulator
		{8CDE990F-3E9F-4E9F-B684-FD1F9B7A6C40}.Release|iPhoneSimulator.Build.0 = Release|iPhoneSimulator
		{8CDE990F-3E9F-4E9F-B684-FD1F9B7A6C40}.Debug|iPhone.ActiveCfg = Debug|iPhone
		{8CDE990F-3E9F-4E9F-B684-FD1F9B7A6C40}.Debug|iPhone.Build.0 = Debug|iPhone
		{8CDE990F-3E9F-4E9F-B684-FD1F9B7A6C40}.Debug|Any CPU.ActiveCfg = Debug|iPhoneSimulator
		{8CDE990F-3E9F-4E9F-B684-FD1F9B7A6C40}.Debug|Any CPU.Build.0 = Debug|iPhoneSimulator
		{8CDE990F-3E9F-4E9F-B684-FD1F9B7A6C40}.Release|Any CPU.ActiveCfg = Release|iPhone
		{8CDE990F-3E9F-4E9F-B684-FD1F9B7A6C40}.Release|Any CPU.Build.0 = Release|iPhone
		{D032D764-9DDC-4022-A34F-7F9C19BBD056}.Debug|iPhoneSimulator.ActiveCfg = Debug|Any CPU
		{D032D764-9DDC-4022-A34F-7F9C19BBD056}.Debug|iPhoneSimulator.Build.0 = Debug|Any CPU
		{D032D764-9DDC-4022-A34F-7F9C19BBD056}.Release|iPhone.ActiveCfg = Release|Any CPU
		{D032D764-9DDC-4022-A34F-7F9C19BBD056}.Release|iPhone.Build.0 = Release|Any CPU
		{D032D764-9DDC-4022-A34F-7F9C19BBD056}.Release|iPhoneSimulator.ActiveCfg = Release|Any CPU
		{D032D764-9DDC-4022-A34F-7F9C19BBD056}.Release|iPhoneSimulator.Build.0 = Release|Any CPU
		{D032D764-9DDC-4022-A34F-7F9C19BBD056}.Debug|iPhone.ActiveCfg = Debug|Any CPU
		{D032D764-9DDC-4022-A34F-7F9C19BBD056}.Debug|iPhone.Build.0 = Debug|Any CPU
		{D032D764-9DDC-4022-A34F-7F9C19BBD056}.Debug|Any CPU.ActiveCfg = Debug|Any CPU
		{D032D764-9DDC-4022-A34F-7F9C19BBD056}.Debug|Any CPU.Build.0 = Debug|Any CPU
		{D032D764-9DDC-4022-A34F-7F9C19BBD056}.Release|Any CPU.ActiveCfg = Release|Any CPU
		{D032D764-9DDC-4022-A34F-7F9C19BBD056}.Release|Any CPU.Build.0 = Release|Any CPU
		{B607BA1D-A02A-45B6-9542-85C0D954EC4E}.Debug|iPhoneSimulator.ActiveCfg = Debug|Any CPU
		{B607BA1D-A02A-45B6-9542-85C0D954EC4E}.Debug|iPhoneSimulator.Build.0 = Debug|Any CPU
		{B607BA1D-A02A-45B6-9542-85C0D954EC4E}.Release|iPhone.ActiveCfg = Release|Any CPU
		{B607BA1D-A02A-45B6-9542-85C0D954EC4E}.Release|iPhone.Build.0 = Release|Any CPU
		{B607BA1D-A02A-45B6-9542-85C0D954EC4E}.Release|iPhoneSimulator.ActiveCfg = Release|Any CPU
		{B607BA1D-A02A-45B6-9542-85C0D954EC4E}.Release|iPhoneSimulator.Build.0 = Release|Any CPU
		{B607BA1D-A02A-45B6-9542-85C0D954EC4E}.Debug|iPhone.ActiveCfg = Debug|Any CPU
		{B607BA1D-A02A-45B6-9542-85C0D954EC4E}.Debug|iPhone.Build.0 = Debug|Any CPU
		{B607BA1D-A02A-45B6-9542-85C0D954EC4E}.Debug|Any CPU.ActiveCfg = Debug|Any CPU
		{B607BA1D-A02A-45B6-9542-85C0D954EC4E}.Debug|Any CPU.Build.0 = Debug|Any CPU
		{B607BA1D-A02A-45B6-9542-85C0D954EC4E}.Release|Any CPU.ActiveCfg = Release|Any CPU
		{B607BA1D-A02A-45B6-9542-85C0D954EC4E}.Release|Any CPU.Build.0 = Release|Any CPU
	EndGlobalSection
EndGlobal
